
Microsoft Visual Studio Solution File, Format Version 12.00
# Visual Studio Version 17
VisualStudioVersion = 17.2.32630.192
MinimumVisualStudioVersion = 10.0.40219.1
Project("{FAE04EC0-301F-11D3-BF4B-00C04F79EFBC}") = "RestAPI", "RestAPI\RestAPI.csproj", "{A17175AE-AF9A-4A86-BD7C-4C2D32BDF2EA}"
EndProject
Global
	GlobalSection(SolutionConfigurationPlatforms) = preSolution
		Debug|Any CPU = Debug|Any CPU
		Release|Any CPU = Release|Any CPU
	EndGlobalSection
	GlobalSection(ProjectConfigurationPlatforms) = postSolution
		{A17175AE-AF9A-4A86-BD7C-4C2D32BDF2EA}.Debug|Any CPU.ActiveCfg = Debug|Any CPU
		{A17175AE-AF9A-4A86-BD7C-4C2D32BDF2EA}.Debug|Any CPU.Build.0 = Debug|Any CPU
		{A17175AE-AF9A-4A86-BD7C-4C2D32BDF2EA}.Release|Any CPU.ActiveCfg = Release|Any CPU
		{A17175AE-AF9A-4A86-BD7C-4C2D32BDF2EA}.Release|Any CPU.Build.0 = Release|Any CPU
	EndGlobalSection
	GlobalSection(SolutionProperties) = preSolution
		HideSolutionNode = FALSE
	EndGlobalSection
	GlobalSection(ExtensibilityGlobals) = postSolution
		SolutionGuid = {860BBB95-DE1B-4B4F-802D-617AF5863AC4}
	EndGlobalSection
EndGlobal
